
Microsoft Visual Studio Solution File, Format Version 12.00
# Visual Studio Version 16
VisualStudioVersion = 16.0.31624.102
MinimumVisualStudioVersion = 10.0.40219.1
Project("{FAE04EC0-301F-11D3-BF4B-00C04F79EFBC}") = "King_Pong_GUI_v0.1", "King_Pong_GUI_v0.1\King_Pong_GUI_v0.1.csproj", "{8E72BD82-33E5-4E7E-B00B-24F6A4E50C2C}"
EndProject
Global
	GlobalSection(SolutionConfigurationPlatforms) = preSolution
		Debug|Any CPU = Debug|Any CPU
		Release|Any CPU = Release|Any CPU
	EndGlobalSection
	GlobalSection(ProjectConfigurationPlatforms) = postSolution
		{8E72BD82-33E5-4E7E-B00B-24F6A4E50C2C}.Debug|Any CPU.ActiveCfg = Debug|Any CPU
		{8E72BD82-33E5-4E7E-B00B-24F6A4E50C2C}.Debug|Any CPU.Build.0 = Debug|Any CPU
		{8E72BD82-33E5-4E7E-B00B-24F6A4E50C2C}.Release|Any CPU.ActiveCfg = Release|Any CPU
		{8E72BD82-33E5-4E7E-B00B-24F6A4E50C2C}.Release|Any CPU.Build.0 = Release|Any CPU
	EndGlobalSection
	GlobalSection(SolutionProperties) = preSolution
		HideSolutionNode = FALSE
	EndGlobalSection
	GlobalSection(ExtensibilityGlobals) = postSolution
		SolutionGuid = {5E2C06A3-28B6-44E2-ACAF-6F9506E3CA80}
	EndGlobalSection
EndGlobal
